Microsoft Visual Studio Solution File, Format Version 12.00
# Visual Studio Version 18
VisualStudioVersion = 18.2.11408.102 d18.0
MinimumVisualStudioVersion = 10.0.40219.1
Project("{2150E333-8FDC-42A3-9474-1A3956D46DE8}") = "BuildingBlocks", "BuildingBlocks", "{FB03B2BE-454B-51C4-7EC4-43CB694B4474}"
EndProject
Project("{2150E333-8FDC-42A3-9474-1A3956D46DE8}") = "Modules", "Modules", "{29F03210-8C6E-8A05-2301-437E53FE0A8C}"
EndProject
Project("{2150E333-8FDC-42A3-9474-1A3956D46DE8}") = "Identity", "Identity", "{1C82E567-A018-991B-99C5-5905A85CEE36}"
EndProject
Project("{2150E333-8FDC-42A3-9474-1A3956D46DE8}") = "TenantManagement", "TenantManagement", "{714BEF97-E84F-07D6-C67A-92E9200C1866}"
EndProject
Project("{2150E333-8FDC-42A3-9474-1A3956D46DE8}") = "RbacCore", "RbacCore", "{A889632B-6D6D-2D94-062C-E317468F5D7F}"
EndProject
Project("{2150E333-8FDC-42A3-9474-1A3956D46DE8}") = "PermissionEngine", "PermissionEngine", "{63664E89-BDDF-794B-04A8-972109785950}"
EndProject
Project("{2150E333-8FDC-42A3-9474-1A3956D46DE8}") = "PolicyEngine", "PolicyEngine", "{9ECBBBE2-A642-53F5-C0CF-681636B52A22}"
EndProject
Project("{2150E333-8FDC-42A3-9474-1A3956D46DE8}") = "Delegation", "Delegation", "{73DEE020-1AF9-2CE4-8D8F-6EF71D69D67B}"
EndProject
Project("{2150E333-8FDC-42A3-9474-1A3956D46DE8}") = "AuditLogging", "AuditLogging", "{54EAF62B-2E43-C72D-5410-751E374DAAC8}"
EndProject
Project("{2150E333-8FDC-42A3-9474-1A3956D46DE8}") = "Host", "Host", "{66F5CD56-561B-F898-6A94-B59426926046}"
EndProject
Project("{FAE04EC0-301F-11D3-BF4B-00C04F79EFBC}") = "BuildingBlocks.Domain", "src\BuildingBlocks\BuildingBlocks.Domain\BuildingBlocks.Domain.csproj", "{BD80FECA-79CF-C20F-702A-CA13C2428248}"
EndProject
Project("{FAE04EC0-301F-11D3-BF4B-00C04F79EFBC}") = "BuildingBlocks.Application", "src\BuildingBlocks\BuildingBlocks.Application\BuildingBlocks.Application.csproj", "{89250779-2DC3-D339-551A-D9C5A4638FB4}"
EndProject
Project("{FAE04EC0-301F-11D3-BF4B-00C04F79EFBC}") = "BuildingBlocks.Infrastructure", "src\BuildingBlocks\BuildingBlocks.Infrastructure\BuildingBlocks.Infrastructure.csproj", "{F253DE6B-2EBC-5CFB-547D-6A6226C805BD}"
EndProject
Project("{FAE04EC0-301F-11D3-BF4B-00C04F79EFBC}") = "Identity.Domain", "src\Modules\Identity\Identity.Domain\Identity.Domain.csproj", "{8FBACC68-5506-47C8-AC07-B4C6C33D7DAB}"
EndProject
Project("{FAE04EC0-301F-11D3-BF4B-00C04F79EFBC}") = "Identity.Application", "src\Modules\Identity\Identity.Application\Identity.Application.csproj", "{ACB0F8BE-E36B-931B-F6EF-00AD30A8C7C0}"
EndProject
Project("{FAE04EC0-301F-11D3-BF4B-00C04F79EFBC}") = "Identity.Infrastructure", "src\Modules\Identity\Identity.Infrastructure\Identity.Infrastructure.csproj", "{06784D47-ED6B-5129-DCAE-AC8D66F2A1E2}"
EndProject
Project("{FAE04EC0-301F-11D3-BF4B-00C04F79EFBC}") = "TenantManagement.Domain", "src\Modules\TenantManagement\TenantManagement.Domain\TenantManagement.Domain.csproj", "{61D8311C-2EAB-2D6F-AF58-90BBA0286D50}"
EndProject
Project("{FAE04EC0-301F-11D3-BF4B-00C04F79EFBC}") = "TenantManagement.Application", "src\Modules\TenantManagement\TenantManagement.Application\TenantManagement.Application.csproj", "{724ADD01-9212-4BA2-B139-DAF8F0FD3D1A}"
EndProject
Project("{FAE04EC0-301F-11D3-BF4B-00C04F79EFBC}") = "TenantManagement.Infrastructure", "src\Modules\TenantManagement\TenantManagement.Infrastructure\TenantManagement.Infrastructure.csproj", "{050CFD27-5B47-50EE-ED2F-4A7E5AD70963}"
EndProject
Project("{FAE04EC0-301F-11D3-BF4B-00C04F79EFBC}") = "RbacCore.Domain", "src\Modules\RbacCore\RbacCore.Domain\RbacCore.Domain.csproj", "{D577FB8B-735A-4A34-87CD-32590698E3EE}"
EndProject
Project("{FAE04EC0-301F-11D3-BF4B-00C04F79EFBC}") = "RbacCore.Application", "src\Modules\RbacCore\RbacCore.Application\RbacCore.Application.csproj", "{B61679EF-7388-AB46-8E97-435FEB8537EE}"
EndProject
Project("{FAE04EC0-301F-11D3-BF4B-00C04F79EFBC}") = "RbacCore.Infrastructure", "src\Modules\RbacCore\RbacCore.Infrastructure\RbacCore.Infrastructure.csproj", "{2CD09F03-6D74-BE1D-E42C-0C3C0764297C}"
EndProject
Project("{FAE04EC0-301F-11D3-BF4B-00C04F79EFBC}") = "PermissionEngine.Domain", "src\Modules\PermissionEngine\PermissionEngine.Domain\PermissionEngine.Domain.csproj", "{C45CE63D-4749-F201-3173-4D0BB5570DA6}"
EndProject
Project("{FAE04EC0-301F-11D3-BF4B-00C04F79EFBC}") = "PermissionEngine.Application", "src\Modules\PermissionEngine\PermissionEngine.Application\PermissionEngine.Application.csproj", "{9C7305DC-C093-7280-53F8-3C866B1643C8}"
EndProject
Project("{FAE04EC0-301F-11D3-BF4B-00C04F79EFBC}") = "PermissionEngine.Infrastructure", "src\Modules\PermissionEngine\PermissionEngine.Infrastructure\PermissionEngine.Infrastructure.csproj", "{6F5E4E2A-7BCA-C993-D64B-DDB120FA7B69}"
EndProject
Project("{FAE04EC0-301F-11D3-BF4B-00C04F79EFBC}") = "PolicyEngine.Domain", "src\Modules\PolicyEngine\PolicyEngine.Domain\PolicyEngine.Domain.csproj", "{A8EC9A5B-2C15-EC57-6358-7B6F296C3A25}"
EndProject
Project("{FAE04EC0-301F-11D3-BF4B-00C04F79EFBC}") = "PolicyEngine.Application", "src\Modules\PolicyEngine\PolicyEngine.Application\PolicyEngine.Application.csproj", "{ADB25461-0FA7-7AF0-F25F-277ABDB12D1A}"
EndProject
Project("{FAE04EC0-301F-11D3-BF4B-00C04F79EFBC}") = "PolicyEngine.Infrastructure", "src\Modules\PolicyEngine\PolicyEngine.Infrastructure\PolicyEngine.Infrastructure.csproj", "{EB204375-6FA7-0874-087D-A7B0F95CE780}"
EndProject
Project("{FAE04EC0-301F-11D3-BF4B-00C04F79EFBC}") = "Delegation.Domain", "src\Modules\Delegation\Delegation.Domain\Delegation.Domain.csproj", "{2629E303-C988-41A3-4999-552471AF2207}"
EndProject
Project("{FAE04EC0-301F-11D3-BF4B-00C04F79EFBC}") = "Delegation.Application", "src\Modules\Delegation\Delegation.Application\Delegation.Application.csproj", "{69D56979-EA6C-CF27-4554-80A8F563BFE0}"
EndProject
Project("{FAE04EC0-301F-11D3-BF4B-00C04F79EFBC}") = "Delegation.Infrastructure", "src\Modules\Delegation\Delegation.Infrastructure\Delegation.Infrastructure.csproj", "{BCBAF015-5F3B-7DF5-5314-831F57C54A7B}"
EndProject
Project("{FAE04EC0-301F-11D3-BF4B-00C04F79EFBC}") = "AuditLogging.Domain", "src\Modules\AuditLogging\AuditLogging.Domain\AuditLogging.Domain.csproj", "{ABDF0D10-32EE-101B-0E6C-24A46C868C2C}"
EndProject
Project("{FAE04EC0-301F-11D3-BF4B-00C04F79EFBC}") = "AuditLogging.Application", "src\Modules\AuditLogging\AuditLogging.Application\AuditLogging.Application.csproj", "{58079EA6-5CB9-53F2-321A-DA4EA67D5AA8}"
EndProject
Project("{FAE04EC0-301F-11D3-BF4B-00C04F79EFBC}") = "AuditLogging.Infrastructure", "src\Modules\AuditLogging\AuditLogging.Infrastructure\AuditLogging.Infrastructure.csproj", "{93D159FA-D0D3-3791-9100-ECB54289FE0D}"
EndProject
Project("{FAE04EC0-301F-11D3-BF4B-00C04F79EFBC}") = "RbacSystem.Api", "src\RbacSystem.Api\RbacSystem.Api.csproj", "{188BCE63-2399-2D7C-84E9-F4DBF9DAD525}"
EndProject
Global
	GlobalSection(SolutionConfigurationPlatforms) = preSolution
		Debug|Any CPU = Debug|Any CPU
		Release|Any CPU = Release|Any CPU
	EndGlobalSection
	GlobalSection(ProjectConfigurationPlatforms) = postSolution
		{BD80FECA-79CF-C20F-702A-CA13C2428248}.Debug|Any CPU.ActiveCfg = Debug|Any CPU
		{BD80FECA-79CF-C20F-702A-CA13C2428248}.Debug|Any CPU.Build.0 = Debug|Any CPU
		{BD80FECA-79CF-C20F-702A-CA13C2428248}.Release|Any CPU.ActiveCfg = Release|Any CPU
		{BD80FECA-79CF-C20F-702A-CA13C2428248}.Release|Any CPU.Build.0 = Release|Any CPU
		{89250779-2DC3-D339-551A-D9C5A4638FB4}.Debug|Any CPU.ActiveCfg = Debug|Any CPU
		{89250779-2DC3-D339-551A-D9C5A4638FB4}.Debug|Any CPU.Build.0 = Debug|Any CPU
		{89250779-2DC3-D339-551A-D9C5A4638FB4}.Release|Any CPU.ActiveCfg = Release|Any CPU
		{89250779-2DC3-D339-551A-D9C5A4638FB4}.Release|Any CPU.Build.0 = Release|Any CPU
		{F253DE6B-2EBC-5CFB-547D-6A6226C805BD}.Debug|Any CPU.ActiveCfg = Debug|Any CPU
		{F253DE6B-2EBC-5CFB-547D-6A6226C805BD}.Debug|Any CPU.Build.0 = Debug|Any CPU
		{F253DE6B-2EBC-5CFB-547D-6A6226C805BD}.Release|Any CPU.ActiveCfg = Release|Any CPU
		{F253DE6B-2EBC-5CFB-547D-6A6226C805BD}.Release|Any CPU.Build.0 = Release|Any CPU
		{8FBACC68-5506-47C8-AC07-B4C6C33D7DAB}.Debug|Any CPU.ActiveCfg = Debug|Any CPU
		{8FBACC68-5506-47C8-AC07-B4C6C33D7DAB}.Debug|Any CPU.Build.0 = Debug|Any CPU
		{8FBACC68-5506-47C8-AC07-B4C6C33D7DAB}.Release|Any CPU.ActiveCfg = Release|Any CPU
		{8FBACC68-5506-47C8-AC07-B4C6C33D7DAB}.Release|Any CPU.Build.0 = Release|Any CPU
		{ACB0F8BE-E36B-931B-F6EF-00AD30A8C7C0}.Debug|Any CPU.ActiveCfg = Debug|Any CPU
		{ACB0F8BE-E36B-931B-F6EF-00AD30A8C7C0}.Debug|Any CPU.Build.0 = Debug|Any CPU
		{ACB0F8BE-E36B-931B-F6EF-00AD30A8C7C0}.Release|Any CPU.ActiveCfg = Release|Any CPU
		{ACB0F8BE-E36B-931B-F6EF-00AD30A8C7C0}.Release|Any CPU.Build.0 = Release|Any CPU
		{06784D47-ED6B-5129-DCAE-AC8D66F2A1E2}.Debug|Any CPU.ActiveCfg = Debug|Any CPU
		{06784D47-ED6B-5129-DCAE-AC8D66F2A1E2}.Debug|Any CPU.Build.0 = Debug|Any CPU
		{06784D47-ED6B-5129-DCAE-AC8D66F2A1E2}.Release|Any CPU.ActiveCfg = Release|Any CPU
		{06784D47-ED6B-5129-DCAE-AC8D66F2A1E2}.Release|Any CPU.Build.0 = Release|Any CPU
		{61D8311C-2EAB-2D6F-AF58-90BBA0286D50}.Debug|Any CPU.ActiveCfg = Debug|Any CPU
		{61D8311C-2EAB-2D6F-AF58-90BBA0286D50}.Debug|Any CPU.Build.0 = Debug|Any CPU
		{61D8311C-2EAB-2D6F-AF58-90BBA0286D50}.Release|Any CPU.ActiveCfg = Release|Any CPU
		{61D8311C-2EAB-2D6F-AF58-90BBA0286D50}.Release|Any CPU.Build.0 = Release|Any CPU
		{724ADD01-9212-4BA2-B139-DAF8F0FD3D1A}.Debug|Any CPU.ActiveCfg = Debug|Any CPU
		{724ADD01-9212-4BA2-B139-DAF8F0FD3D1A}.Debug|Any CPU.Build.0 = Debug|Any CPU
		{724ADD01-9212-4BA2-B139-DAF8F0FD3D1A}.Release|Any CPU.ActiveCfg = Release|Any CPU
		{724ADD01-9212-4BA2-B139-DAF8F0FD3D1A}.Release|Any CPU.Build.0 = Release|Any CPU
		{050CFD27-5B47-50EE-ED2F-4A7E5AD70963}.Debug|Any CPU.ActiveCfg = Debug|Any CPU
		{050CFD27-5B47-50EE-ED2F-4A7E5AD70963}.Debug|Any CPU.Build.0 = Debug|Any CPU
		{050CFD27-5B47-50EE-ED2F-4A7E5AD70963}.Release|Any CPU.ActiveCfg = Release|Any CPU
		{050CFD27-5B47-50EE-ED2F-4A7E5AD70963}.Release|Any CPU.Build.0 = Release|Any CPU
		{D577FB8B-735A-4A34-87CD-32590698E3EE}.Debug|Any CPU.ActiveCfg = Debug|Any CPU
		{D577FB8B-735A-4A34-87CD-32590698E3EE}.Debug|Any CPU.Build.0 = Debug|Any CPU
		{D577FB8B-735A-4A34-87CD-32590698E3EE}.Release|Any CPU.ActiveCfg = Release|Any CPU
		{D577FB8B-735A-4A34-87CD-32590698E3EE}.Release|Any CPU.Build.0 = Release|Any CPU
		{B61679EF-7388-AB46-8E97-435FEB8537EE}.Debug|Any CPU.ActiveCfg = Debug|Any CPU
		{B61679EF-7388-AB46-8E97-435FEB8537EE}.Debug|Any CPU.Build.0 = Debug|Any CPU
		{B61679EF-7388-AB46-8E97-435FEB8537EE}.Release|Any CPU.ActiveCfg = Release|Any CPU
		{B61679EF-7388-AB46-8E97-435FEB8537EE}.Release|Any CPU.Build.0 = Release|Any CPU
		{2CD09F03-6D74-BE1D-E42C-0C3C0764297C}.Debug|Any CPU.ActiveCfg = Debug|Any CPU
		{2CD09F03-6D74-BE1D-E42C-0C3C0764297C}.Debug|Any CPU.Build.0 = Debug|Any CPU
		{2CD09F03-6D74-BE1D-E42C-0C3C0764297C}.Release|Any CPU.ActiveCfg = Release|Any CPU
		{2CD09F03-6D74-BE1D-E42C-0C3C0764297C}.Release|Any CPU.Build.0 = Release|Any CPU
		{C45CE63D-4749-F201-3173-4D0BB5570DA6}.Debug|Any CPU.ActiveCfg = Debug|Any CPU
		{C45CE63D-4749-F201-3173-4D0BB5570DA6}.Debug|Any CPU.Build.0 = Debug|Any CPU
		{C45CE63D-4749-F201-3173-4D0BB5570DA6}.Release|Any CPU.ActiveCfg = Release|Any CPU
		{C45CE63D-4749-F201-3173-4D0BB5570DA6}.Release|Any CPU.Build.0 = Release|Any CPU
		{9C7305DC-C093-7280-53F8-3C866B1643C8}.Debug|Any CPU.ActiveCfg = Debug|Any CPU
		{9C7305DC-C093-7280-53F8-3C866B1643C8}.Debug|Any CPU.Build.0 = Debug|Any CPU
		{9C7305DC-C093-7280-53F8-3C866B1643C8}.Release|Any CPU.ActiveCfg = Release|Any CPU
		{9C7305DC-C093-7280-53F8-3C866B1643C8}.Release|Any CPU.Build.0 = Release|Any CPU
		{6F5E4E2A-7BCA-C993-D64B-DDB120FA7B69}.Debug|Any CPU.ActiveCfg = Debug|Any CPU
		{6F5E4E2A-7BCA-C993-D64B-DDB120FA7B69}.Debug|Any CPU.Build.0 = Debug|Any CPU
		{6F5E4E2A-7BCA-C993-D64B-DDB120FA7B69}.Release|Any CPU.ActiveCfg = Release|Any CPU
		{6F5E4E2A-7BCA-C993-D64B-DDB120FA7B69}.Release|Any CPU.Build.0 = Release|Any CPU
		{A8EC9A5B-2C15-EC57-6358-7B6F296C3A25}.Debug|Any CPU.ActiveCfg = Debug|Any CPU
		{A8EC9A5B-2C15-EC57-6358-7B6F296C3A25}.Debug|Any CPU.Build.0 = Debug|Any CPU
		{A8EC9A5B-2C15-EC57-6358-7B6F296C3A25}.Release|Any CPU.ActiveCfg = Release|Any CPU
		{A8EC9A5B-2C15-EC57-6358-7B6F296C3A25}.Release|Any CPU.Build.0 = Release|Any CPU
		{ADB25461-0FA7-7AF0-F25F-277ABDB12D1A}.Debug|Any CPU.ActiveCfg = Debug|Any CPU
		{ADB25461-0FA7-7AF0-F25F-277ABDB12D1A}.Debug|Any CPU.Build.0 = Debug|Any CPU
		{ADB25461-0FA7-7AF0-F25F-277ABDB12D1A}.Release|Any CPU.ActiveCfg = Release|Any CPU
		{ADB25461-0FA7-7AF0-F25F-277ABDB12D1A}.Release|Any CPU.Build.0 = Release|Any CPU
		{EB204375-6FA7-0874-087D-A7B0F95CE780}.Debug|Any CPU.ActiveCfg = Debug|Any CPU
		{EB204375-6FA7-0874-087D-A7B0F95CE780}.Debug|Any CPU.Build.0 = Debug|Any CPU
		{EB204375-6FA7-0874-087D-A7B0F95CE780}.Release|Any CPU.ActiveCfg = Release|Any CPU
		{EB204375-6FA7-0874-087D-A7B0F95CE780}.Release|Any CPU.Build.0 = Release|Any CPU
		{2629E303-C988-41A3-4999-552471AF2207}.Debug|Any CPU.ActiveCfg = Debug|Any CPU
		{2629E303-C988-41A3-4999-552471AF2207}.Debug|Any CPU.Build.0 = Debug|Any CPU
		{2629E303-C988-41A3-4999-552471AF2207}.Release|Any CPU.ActiveCfg = Release|Any CPU
		{2629E303-C988-41A3-4999-552471AF2207}.Release|Any CPU.Build.0 = Release|Any CPU
		{69D56979-EA6C-CF27-4554-80A8F563BFE0}.Debug|Any CPU.ActiveCfg = Debug|Any CPU
		{69D56979-EA6C-CF27-4554-80A8F563BFE0}.Debug|Any CPU.Build.0 = Debug|Any CPU
		{69D56979-EA6C-CF27-4554-80A8F563BFE0}.Release|Any CPU.ActiveCfg = Release|Any CPU
		{69D56979-EA6C-CF27-4554-80A8F563BFE0}.Release|Any CPU.Build.0 = Release|Any CPU
		{BCBAF015-5F3B-7DF5-5314-831F57C54A7B}.Debug|Any CPU.ActiveCfg = Debug|Any CPU
		{BCBAF015-5F3B-7DF5-5314-831F57C54A7B}.Debug|Any CPU.Build.0 = Debug|Any CPU
		{BCBAF015-5F3B-7DF5-5314-831F57C54A7B}.Release|Any CPU.ActiveCfg = Release|Any CPU
		{BCBAF015-5F3B-7DF5-5314-831F57C54A7B}.Release|Any CPU.Build.0 = Release|Any CPU
		{ABDF0D10-32EE-101B-0E6C-24A46C868C2C}.Debug|Any CPU.ActiveCfg = Debug|Any CPU
		{ABDF0D10-32EE-101B-0E6C-24A46C868C2C}.Debug|Any CPU.Build.0 = Debug|Any CPU
		{ABDF0D10-32EE-101B-0E6C-24A46C868C2C}.Release|Any CPU.ActiveCfg = Release|Any CPU
		{ABDF0D10-32EE-101B-0E6C-24A46C868C2C}.Release|Any CPU.Build.0 = Release|Any CPU
		{58079EA6-5CB9-53F2-321A-DA4EA67D5AA8}.Debug|Any CPU.ActiveCfg = Debug|Any CPU
		{58079EA6-5CB9-53F2-321A-DA4EA67D5AA8}.Debug|Any CPU.Build.0 = Debug|Any CPU
		{58079EA6-5CB9-53F2-321A-DA4EA67D5AA8}.Release|Any CPU.ActiveCfg = Release|Any CPU
		{58079EA6-5CB9-53F2-321A-DA4EA67D5AA8}.Release|Any CPU.Build.0 = Release|Any CPU
		{93D159FA-D0D3-3791-9100-ECB54289FE0D}.Debug|Any CPU.ActiveCfg = Debug|Any CPU
		{93D159FA-D0D3-3791-9100-ECB54289FE0D}.Debug|Any CPU.Build.0 = Debug|Any CPU
		{93D159FA-D0D3-3791-9100-ECB54289FE0D}.Release|Any CPU.ActiveCfg = Release|Any CPU
		{93D159FA-D0D3-3791-9100-ECB54289FE0D}.Release|Any CPU.Build.0 = Release|Any CPU
		{188BCE63-2399-2D7C-84E9-F4DBF9DAD525}.Debug|Any CPU.ActiveCfg = Debug|Any CPU
		{188BCE63-2399-2D7C-84E9-F4DBF9DAD525}.Debug|Any CPU.Build.0 = Debug|Any CPU
		{188BCE63-2399-2D7C-84E9-F4DBF9DAD525}.Release|Any CPU.ActiveCfg = Release|Any CPU
		{188BCE63-2399-2D7C-84E9-F4DBF9DAD525}.Release|Any CPU.Build.0 = Release|Any CPU
	EndGlobalSection
	GlobalSection(SolutionProperties) = preSolution
		HideSolutionNode = FALSE
	EndGlobalSection
	GlobalSection(NestedProjects) = preSolution
		{1C82E567-A018-991B-99C5-5905A85CEE36} = {29F03210-8C6E-8A05-2301-437E53FE0A8C}
		{714BEF97-E84F-07D6-C67A-92E9200C1866} = {29F03210-8C6E-8A05-2301-437E53FE0A8C}
		{A889632B-6D6D-2D94-062C-E317468F5D7F} = {29F03210-8C6E-8A05-2301-437E53FE0A8C}
		{63664E89-BDDF-794B-04A8-972109785950} = {29F03210-8C6E-8A05-2301-437E53FE0A8C}
		{9ECBBBE2-A642-53F5-C0CF-681636B52A22} = {29F03210-8C6E-8A05-2301-437E53FE0A8C}
		{73DEE020-1AF9-2CE4-8D8F-6EF71D69D67B} = {29F03210-8C6E-8A05-2301-437E53FE0A8C}
		{54EAF62B-2E43-C72D-5410-751E374DAAC8} = {29F03210-8C6E-8A05-2301-437E53FE0A8C}
		{BD80FECA-79CF-C20F-702A-CA13C2428248} = {FB03B2BE-454B-51C4-7EC4-43CB694B4474}
		{89250779-2DC3-D339-551A-D9C5A4638FB4} = {FB03B2BE-454B-51C4-7EC4-43CB694B4474}
		{F253DE6B-2EBC-5CFB-547D-6A6226C805BD} = {FB03B2BE-454B-51C4-7EC4-43CB694B4474}
		{8FBACC68-5506-47C8-AC07-B4C6C33D7DAB} = {1C82E567-A018-991B-99C5-5905A85CEE36}
		{ACB0F8BE-E36B-931B-F6EF-00AD30A8C7C0} = {1C82E567-A018-991B-99C5-5905A85CEE36}
		{06784D47-ED6B-5129-DCAE-AC8D66F2A1E2} = {1C82E567-A018-991B-99C5-5905A85CEE36}
		{61D8311C-2EAB-2D6F-AF58-90BBA0286D50} = {714BEF97-E84F-07D6-C67A-92E9200C1866}
		{724ADD01-9212-4BA2-B139-DAF8F0FD3D1A} = {714BEF97-E84F-07D6-C67A-92E9200C1866}
		{050CFD27-5B47-50EE-ED2F-4A7E5AD70963} = {714BEF97-E84F-07D6-C67A-92E9200C1866}
		{D577FB8B-735A-4A34-87CD-32590698E3EE} = {A889632B-6D6D-2D94-062C-E317468F5D7F}
		{B61679EF-7388-AB46-8E97-435FEB8537EE} = {A889632B-6D6D-2D94-062C-E317468F5D7F}
		{2CD09F03-6D74-BE1D-E42C-0C3C0764297C} = {A889632B-6D6D-2D94-062C-E317468F5D7F}
		{C45CE63D-4749-F201-3173-4D0BB5570DA6} = {63664E89-BDDF-794B-04A8-972109785950}
		{9C7305DC-C093-7280-53F8-3C866B1643C8} = {63664E89-BDDF-794B-04A8-972109785950}
		{6F5E4E2A-7BCA-C993-D64B-DDB120FA7B69} = {63664E89-BDDF-794B-04A8-972109785950}
		{A8EC9A5B-2C15-EC57-6358-7B6F296C3A25} = {9ECBBBE2-A642-53F5-C0CF-681636B52A22}
		{ADB25461-0FA7-7AF0-F25F-277ABDB12D1A} = {9ECBBBE2-A642-53F5-C0CF-681636B52A22}
		{EB204375-6FA7-0874-087D-A7B0F95CE780} = {9ECBBBE2-A642-53F5-C0CF-681636B52A22}
		{2629E303-C988-41A3-4999-552471AF2207} = {73DEE020-1AF9-2CE4-8D8F-6EF71D69D67B}
		{69D56979-EA6C-CF27-4554-80A8F563BFE0} = {73DEE020-1AF9-2CE4-8D8F-6EF71D69D67B}
		{BCBAF015-5F3B-7DF5-5314-831F57C54A7B} = {73DEE020-1AF9-2CE4-8D8F-6EF71D69D67B}
		{ABDF0D10-32EE-101B-0E6C-24A46C868C2C} = {54EAF62B-2E43-C72D-5410-751E374DAAC8}
		{58079EA6-5CB9-53F2-321A-DA4EA67D5AA8} = {54EAF62B-2E43-C72D-5410-751E374DAAC8}
		{93D159FA-D0D3-3791-9100-ECB54289FE0D} = {54EAF62B-2E43-C72D-5410-751E374DAAC8}
		{188BCE63-2399-2D7C-84E9-F4DBF9DAD525} = {66F5CD56-561B-F898-6A94-B59426926046}
	EndGlobalSection
EndGlobal
